{
    "_readme": [
        "This file locks the dependencies of your project to a known state",
        "Read more about it at https://getcomposer.org/doc/01-basic-usage.md#composer-lock-the-lock-file",
        "This file is @generated automatically"
    ],
    "hash": "13f089cf1fdfbb0f911cc667411967b1",
    "content-hash": "d5a8cad9d6606227362344f520cc9945",
    "packages": [
        {
            "name": "apache/thrift",
            "version": "dev-master",
            "source": {
                "type": "git",
                "url": "git@gitlab.33.cn:foge/thrift.git",
                "reference": "10ea06fd574f07eff022bbcd0a2c208157170cc2"
            },
            "require": {
                "php": "^5.5 || ^7.0"
            },
            "require-dev": {
                "phpunit/phpunit": "~4.8.36",
                "squizlabs/php_codesniffer": "3.*"
            },
            "type": "library",
            "extra": {
                "branch-alias": {
                    "dev-master": "1.0.0-dev"
                }
            },
            "autoload": {
                "psr-4": {
                    "Thrift\\": "lib/php/lib/"
                }
            },
            "autoload-dev": {
                "psr-4": {
                    "Test\\Thrift\\": "lib/php/test/"
                }
            },
            "license": [
                "Apache-2.0"
            ],
            "authors": [
                {
                    "name": "Apache Thrift Developers",
                    "email": "dev@thrift.apache.org",
                    "homepage": "http://thrift.apache.org"
                }
            ],
            "description": "Apache Thrift RPC system",
            "homepage": "http://thrift.apache.org/",
            "support": {
                "email": "dev@thrift.apache.org",
                "issues": "https://issues.apache.org/jira/browse/THRIFT"
            },
            "time": "2018-04-17 08:05:08"
        },
        {
            "name": "service/member",
            "version": "dev-master",
            "source": {
                "type": "git",
                "url": "git@gitlab.33.cn:foge/member-service-intf.git",
                "reference": "e8b6938788c3c3a3c1be8376d3dd8e6b8201fc7d"
            },
            "type": "library",
            "time": "2018-04-18 07:07:50"
        },
        {
            "name": "yiisoft/yii2-app-basic",
            "version": "dev-master",
            "source": {
                "type": "git",
                "url": "git@gitlab.33.cn:foge/yii2_33cn.git",
                "reference": "46452a7a5c358ab83e75f28a40e726cdfc798e27"
            },
            "type": "project",
            "extra": {
                "yii\\composer\\Installer::postCreateProject": {
                    "setPermission": [
                        {
                            "runtime": "0777",
                            "web/assets": "0777",
                            "yii": "0755"
                        }
                    ]
                },
                "yii\\composer\\Installer::postInstall": {
                    "generateCookieValidationKey": [
                        "config/web.php"
                    ]
                }
            },
            "scripts": {
                "post-install-cmd": [
                    "yii\\composer\\Installer::postInstall"
                ],
                "post-create-project-cmd": [
                    "yii\\composer\\Installer::postCreateProject",
                    "yii\\composer\\Installer::postInstall"
                ]
            },
            "license": [
                "BSD-3-Clause"
            ],
            "description": "Yii 2 Basic Project Template",
            "homepage": "http://www.yiiframework.com/",
            "keywords": [
                "basic",
                "framework",
                "project template",
                "yii2"
            ],
            "support": {
                "issues": "https://github.com/yiisoft/yii2/issues?state=open",
                "forum": "http://www.yiiframework.com/forum/",
                "wiki": "http://www.yiiframework.com/wiki/",
                "irc": "irc://irc.freenode.net/yii",
                "source": "https://github.com/yiisoft/yii2"
            },
            "time": "2018-04-17 08:37:30"
        }
    ],
    "packages-dev": [],
    "aliases": [],
    "minimum-stability": "stable",
    "stability-flags": {
        "yiisoft/yii2-app-basic": 20,
        "service/member": 20,
        "apache/thrift": 20
    },
    "prefer-stable": false,
    "prefer-lowest": false,
    "platform": [],
    "platform-dev": []
}
